<?xml version="1.0" encoding="utf-8"?>
<Project ToolsVersion="17.0" xmlns="http://schemas.microsoft.com/developer/msbuild/2003">
  <ItemGroup>
    <CustomBuild Include="D:\cpd-final-assigment\CMakeFiles\7c90b4196ae42ff7d29dd61cb1370b4c\generate.stamp.rule">
      <Filter>CMake Rules</Filter>
    </CustomBuild>
  </ItemGroup>
  <ItemGroup>
    <Filter Include="CMake Rules">
      <UniqueIdentifier>{06AB0DE6-F643-32C0-908A-A18A345BF3A2}</UniqueIdentifier>
    </Filter>
  </ItemGroup>
</Project>
